
Microsoft Visual Studio Solution File, Format Version 12.00
# Visual Studio Version 17
VisualStudioVersion = 17.0.31912.275
MinimumVisualStudioVersion = 10.0.40219.1
Project("{2150E333-8FDC-42A3-9474-1A3956D46DE8}") = "Common", "Common", "{B00013E6-DB9F-415A-B542-6D32DA258EB2}"
EndProject
Project("{2150E333-8FDC-42A3-9474-1A3956D46DE8}") = "Auth", "Auth", "{BEE32E30-21CF-489B-B208-3D053E4966A8}"
EndProject
Project("{2150E333-8FDC-42A3-9474-1A3956D46DE8}") = "Application", "Application", "{FB841C40-3211-443F-AC95-CD5796CF4FB3}"
EndProject
Project("{2150E333-8FDC-42A3-9474-1A3956D46DE8}") = "Domain", "Domain", "{0F151C31-117F-438E-A5B5-9EE1D669BE27}"
EndProject
Project("{2150E333-8FDC-42A3-9474-1A3956D46DE8}") = "Presentation", "Presentation", "{3B96E644-4E1A-4C2F-8F3C-E4843C921B92}"
EndProject
Project("{2150E333-8FDC-42A3-9474-1A3956D46DE8}") = "Infra", "Infra", "{15C0C14F-DA06-46BB-A8B0-4BA5D6372777}"
EndProject
Project("{2150E333-8FDC-42A3-9474-1A3956D46DE8}") = "Data", "Data", "{C0D9D883-C3CC-4A74-B373-CAFD6FC4A32F}"
EndProject
Project("{9A19103F-16F7-4668-BE54-9A1E7A4F7556}") = "FinancialHub.Common.Tests", "..\..\..\tests\common\FinancialHub.Common.Tests\FinancialHub.Common.Tests.csproj", "{EDB047FA-1B3C-4060-8327-EDA6EB3D201B}"
EndProject
Project("{9A19103F-16F7-4668-BE54-9A1E7A4F7556}") = "FinancialHub.Auth.Application.Tests", "..\..\..\tests\auth\FinancialHub.Auth.Application.Tests\FinancialHub.Auth.Application.Tests.csproj", "{B66A8B1B-4123-4FC1-A0A8-FAA0A9BAC7A9}"
EndProject
Project("{9A19103F-16F7-4668-BE54-9A1E7A4F7556}") = "FinancialHub.Auth.Common.Tests", "..\..\..\tests\auth\FinancialHub.Auth.Common.Tests\FinancialHub.Auth.Common.Tests.csproj", "{C9329ED1-DACA-4DD2-9BB6-75C7083FF8B5}"
EndProject
Project("{9A19103F-16F7-4668-BE54-9A1E7A4F7556}") = "FinancialHub.Auth.Infra.Data.Tests", "..\..\..\tests\auth\FinancialHub.Auth.Infra.Data.Tests\FinancialHub.Auth.Infra.Data.Tests.csproj", "{5F63B3FF-A42B-496E-A3C7-DC4EB601750F}"
EndProject
Project("{9A19103F-16F7-4668-BE54-9A1E7A4F7556}") = "FinancialHub.Auth.Infra.Tests", "..\..\..\tests\auth\FinancialHub.Auth.Infra.Tests\FinancialHub.Auth.Infra.Tests.csproj", "{EF50702A-4F37-4467-9B23-CD52BE6E56BE}"
EndProject
Project("{9A19103F-16F7-4668-BE54-9A1E7A4F7556}") = "FinancialHub.Auth.Presentation.Tests", "..\..\..\tests\auth\FinancialHub.Auth.Presentation.Tests\FinancialHub.Auth.Presentation.Tests.csproj", "{F93EE692-EFCD-4729-A98F-C832D927D914}"
EndProject
Project("{9A19103F-16F7-4668-BE54-9A1E7A4F7556}") = "FinancialHub.Auth.IntegrationTests", "..\..\..\tests\auth\FinancialHub.Auth.IntegrationTests\FinancialHub.Auth.IntegrationTests.csproj", "{F87C32B0-8B5C-410C-9A07-2FF4C83CC657}"
EndProject
Project("{9A19103F-16F7-4668-BE54-9A1E7A4F7556}") = "FinancialHub.Common", "..\common\FinancialHub.Common\FinancialHub.Common.csproj", "{7483C5F0-3F6F-4C2F-ADA0-B013CB9A502D}"
EndProject
Project("{9A19103F-16F7-4668-BE54-9A1E7A4F7556}") = "FinancialHub.Auth.Application", "FinancialHub.Auth.Application\FinancialHub.Auth.Application.csproj", "{0084DFA0-A5BD-4F53-9652-C3EE50F0703D}"
EndProject
Project("{9A19103F-16F7-4668-BE54-9A1E7A4F7556}") = "FinancialHub.Auth.Domain", "FinancialHub.Auth.Domain\FinancialHub.Auth.Domain.csproj", "{DFFD9C3A-E127-43C3-93C1-C8221E9E4B21}"
EndProject
Project("{9A19103F-16F7-4668-BE54-9A1E7A4F7556}") = "FinancialHub.Auth.Infra.Data", "FinancialHub.Auth.Infra.Data\FinancialHub.Auth.Infra.Data.csproj", "{FA8CC50A-AAD4-4F22-9FCD-A2151AC040A0}"
EndProject
Project("{9A19103F-16F7-4668-BE54-9A1E7A4F7556}") = "FinancialHub.Auth.Infra", "FinancialHub.Auth.Infra\FinancialHub.Auth.Infra.csproj", "{0329A416-4B7E-4969-9844-32E45258F3D2}"
EndProject
Project("{9A19103F-16F7-4668-BE54-9A1E7A4F7556}") = "FinancialHub.Auth.Presentation", "FinancialHub.Auth.Presentation\FinancialHub.Auth.Presentation.csproj", "{E7F77ED2-25CE-4F7D-8909-122076EAF5D2}"
EndProject
Project("{9A19103F-16F7-4668-BE54-9A1E7A4F7556}") = "FinancialHub.Auth.WebApi", "FinancialHub.Auth.WebApi\FinancialHub.Auth.WebApi.csproj", "{1D72A253-61A8-4AE4-9DD3-C3DA350CAAB7}"
EndProject
Project("{9A19103F-16F7-4668-BE54-9A1E7A4F7556}") = "FinancialHub.Auth.Resources", "FinancialHub.Auth.Resources\FinancialHub.Auth.Resources.csproj", "{338427B6-0CD8-452B-BA8C-87AADB1F1757}"
EndProject
Global
	GlobalSection(SolutionConfigurationPlatforms) = preSolution
		Debug|Any CPU = Debug|Any CPU
		Release|Any CPU = Release|Any CPU
	EndGlobalSection
	GlobalSection(ProjectConfigurationPlatforms) = postSolution
		{EDB047FA-1B3C-4060-8327-EDA6EB3D201B}.Debug|Any CPU.ActiveCfg = Debug|Any CPU
		{EDB047FA-1B3C-4060-8327-EDA6EB3D201B}.Debug|Any CPU.Build.0 = Debug|Any CPU
		{EDB047FA-1B3C-4060-8327-EDA6EB3D201B}.Release|Any CPU.ActiveCfg = Release|Any CPU
		{EDB047FA-1B3C-4060-8327-EDA6EB3D201B}.Release|Any CPU.Build.0 = Release|Any CPU
		{B66A8B1B-4123-4FC1-A0A8-FAA0A9BAC7A9}.Debug|Any CPU.ActiveCfg = Debug|Any CPU
		{B66A8B1B-4123-4FC1-A0A8-FAA0A9BAC7A9}.Debug|Any CPU.Build.0 = Debug|Any CPU
		{B66A8B1B-4123-4FC1-A0A8-FAA0A9BAC7A9}.Release|Any CPU.ActiveCfg = Release|Any CPU
		{B66A8B1B-4123-4FC1-A0A8-FAA0A9BAC7A9}.Release|Any CPU.Build.0 = Release|Any CPU
		{C9329ED1-DACA-4DD2-9BB6-75C7083FF8B5}.Debug|Any CPU.ActiveCfg = Debug|Any CPU
		{C9329ED1-DACA-4DD2-9BB6-75C7083FF8B5}.Debug|Any CPU.Build.0 = Debug|Any CPU
		{C9329ED1-DACA-4DD2-9BB6-75C7083FF8B5}.Release|Any CPU.ActiveCfg = Release|Any CPU
		{C9329ED1-DACA-4DD2-9BB6-75C7083FF8B5}.Release|Any CPU.Build.0 = Release|Any CPU
		{5F63B3FF-A42B-496E-A3C7-DC4EB601750F}.Debug|Any CPU.ActiveCfg = Debug|Any CPU
		{5F63B3FF-A42B-496E-A3C7-DC4EB601750F}.Debug|Any CPU.Build.0 = Debug|Any CPU
		{5F63B3FF-A42B-496E-A3C7-DC4EB601750F}.Release|Any CPU.ActiveCfg = Release|Any CPU
		{5F63B3FF-A42B-496E-A3C7-DC4EB601750F}.Release|Any CPU.Build.0 = Release|Any CPU
		{EF50702A-4F37-4467-9B23-CD52BE6E56BE}.Debug|Any CPU.ActiveCfg = Debug|Any CPU
		{EF50702A-4F37-4467-9B23-CD52BE6E56BE}.Debug|Any CPU.Build.0 = Debug|Any CPU
		{EF50702A-4F37-4467-9B23-CD52BE6E56BE}.Release|Any CPU.ActiveCfg = Release|Any CPU
		{EF50702A-4F37-4467-9B23-CD52BE6E56BE}.Release|Any CPU.Build.0 = Release|Any CPU
		{F93EE692-EFCD-4729-A98F-C832D927D914}.Debug|Any CPU.ActiveCfg = Debug|Any CPU
		{F93EE692-EFCD-4729-A98F-C832D927D914}.Debug|Any CPU.Build.0 = Debug|Any CPU
		{F93EE692-EFCD-4729-A98F-C832D927D914}.Release|Any CPU.ActiveCfg = Release|Any CPU
		{F93EE692-EFCD-4729-A98F-C832D927D914}.Release|Any CPU.Build.0 = Release|Any CPU
		{F87C32B0-8B5C-410C-9A07-2FF4C83CC657}.Debug|Any CPU.ActiveCfg = Debug|Any CPU
		{F87C32B0-8B5C-410C-9A07-2FF4C83CC657}.Debug|Any CPU.Build.0 = Debug|Any CPU
		{F87C32B0-8B5C-410C-9A07-2FF4C83CC657}.Release|Any CPU.ActiveCfg = Release|Any CPU
		{F87C32B0-8B5C-410C-9A07-2FF4C83CC657}.Release|Any CPU.Build.0 = Release|Any CPU
		{7483C5F0-3F6F-4C2F-ADA0-B013CB9A502D}.Debug|Any CPU.ActiveCfg = Debug|Any CPU
		{7483C5F0-3F6F-4C2F-ADA0-B013CB9A502D}.Debug|Any CPU.Build.0 = Debug|Any CPU
		{7483C5F0-3F6F-4C2F-ADA0-B013CB9A502D}.Release|Any CPU.ActiveCfg = Release|Any CPU
		{7483C5F0-3F6F-4C2F-ADA0-B013CB9A502D}.Release|Any CPU.Build.0 = Release|Any CPU
		{0084DFA0-A5BD-4F53-9652-C3EE50F0703D}.Debug|Any CPU.ActiveCfg = Debug|Any CPU
		{0084DFA0-A5BD-4F53-9652-C3EE50F0703D}.Debug|Any CPU.Build.0 = Debug|Any CPU
		{0084DFA0-A5BD-4F53-9652-C3EE50F0703D}.Release|Any CPU.ActiveCfg = Release|Any CPU
		{0084DFA0-A5BD-4F53-9652-C3EE50F0703D}.Release|Any CPU.Build.0 = Release|Any CPU
		{DFFD9C3A-E127-43C3-93C1-C8221E9E4B21}.Debug|Any CPU.ActiveCfg = Debug|Any CPU
		{DFFD9C3A-E127-43C3-93C1-C8221E9E4B21}.Debug|Any CPU.Build.0 = Debug|Any CPU
		{DFFD9C3A-E127-43C3-93C1-C8221E9E4B21}.Release|Any CPU.ActiveCfg = Release|Any CPU
		{DFFD9C3A-E127-43C3-93C1-C8221E9E4B21}.Release|Any CPU.Build.0 = Release|Any CPU
		{FA8CC50A-AAD4-4F22-9FCD-A2151AC040A0}.Debug|Any CPU.ActiveCfg = Debug|Any CPU
		{FA8CC50A-AAD4-4F22-9FCD-A2151AC040A0}.Debug|Any CPU.Build.0 = Debug|Any CPU
		{FA8CC50A-AAD4-4F22-9FCD-A2151AC040A0}.Release|Any CPU.ActiveCfg = Release|Any CPU
		{FA8CC50A-AAD4-4F22-9FCD-A2151AC040A0}.Release|Any CPU.Build.0 = Release|Any CPU
		{0329A416-4B7E-4969-9844-32E45258F3D2}.Debug|Any CPU.ActiveCfg = Debug|Any CPU
		{0329A416-4B7E-4969-9844-32E45258F3D2}.Debug|Any CPU.Build.0 = Debug|Any CPU
		{0329A416-4B7E-4969-9844-32E45258F3D2}.Release|Any CPU.ActiveCfg = Release|Any CPU
		{0329A416-4B7E-4969-9844-32E45258F3D2}.Release|Any CPU.Build.0 = Release|Any CPU
		{E7F77ED2-25CE-4F7D-8909-122076EAF5D2}.Debug|Any CPU.ActiveCfg = Debug|Any CPU
		{E7F77ED2-25CE-4F7D-8909-122076EAF5D2}.Debug|Any CPU.Build.0 = Debug|Any CPU
		{E7F77ED2-25CE-4F7D-8909-122076EAF5D2}.Release|Any CPU.ActiveCfg = Release|Any CPU
		{E7F77ED2-25CE-4F7D-8909-122076EAF5D2}.Release|Any CPU.Build.0 = Release|Any CPU
		{1D72A253-61A8-4AE4-9DD3-C3DA350CAAB7}.Debug|Any CPU.ActiveCfg = Debug|Any CPU
		{1D72A253-61A8-4AE4-9DD3-C3DA350CAAB7}.Debug|Any CPU.Build.0 = Debug|Any CPU
		{1D72A253-61A8-4AE4-9DD3-C3DA350CAAB7}.Release|Any CPU.ActiveCfg = Release|Any CPU
		{1D72A253-61A8-4AE4-9DD3-C3DA350CAAB7}.Release|Any CPU.Build.0 = Release|Any CPU
		{338427B6-0CD8-452B-BA8C-87AADB1F1757}.Debug|Any CPU.ActiveCfg = Debug|Any CPU
		{338427B6-0CD8-452B-BA8C-87AADB1F1757}.Debug|Any CPU.Build.0 = Debug|Any CPU
		{338427B6-0CD8-452B-BA8C-87AADB1F1757}.Release|Any CPU.ActiveCfg = Release|Any CPU
		{338427B6-0CD8-452B-BA8C-87AADB1F1757}.Release|Any CPU.Build.0 = Release|Any CPU
	EndGlobalSection
	GlobalSection(SolutionProperties) = preSolution
		HideSolutionNode = FALSE
	EndGlobalSection
	GlobalSection(NestedProjects) = preSolution
		{FB841C40-3211-443F-AC95-CD5796CF4FB3} = {BEE32E30-21CF-489B-B208-3D053E4966A8}
		{0F151C31-117F-438E-A5B5-9EE1D669BE27} = {BEE32E30-21CF-489B-B208-3D053E4966A8}
		{3B96E644-4E1A-4C2F-8F3C-E4843C921B92} = {BEE32E30-21CF-489B-B208-3D053E4966A8}
		{15C0C14F-DA06-46BB-A8B0-4BA5D6372777} = {BEE32E30-21CF-489B-B208-3D053E4966A8}
		{C0D9D883-C3CC-4A74-B373-CAFD6FC4A32F} = {15C0C14F-DA06-46BB-A8B0-4BA5D6372777}
		{EDB047FA-1B3C-4060-8327-EDA6EB3D201B} = {B00013E6-DB9F-415A-B542-6D32DA258EB2}
		{B66A8B1B-4123-4FC1-A0A8-FAA0A9BAC7A9} = {FB841C40-3211-443F-AC95-CD5796CF4FB3}
		{C9329ED1-DACA-4DD2-9BB6-75C7083FF8B5} = {0F151C31-117F-438E-A5B5-9EE1D669BE27}
		{5F63B3FF-A42B-496E-A3C7-DC4EB601750F} = {C0D9D883-C3CC-4A74-B373-CAFD6FC4A32F}
		{EF50702A-4F37-4467-9B23-CD52BE6E56BE} = {15C0C14F-DA06-46BB-A8B0-4BA5D6372777}
		{F93EE692-EFCD-4729-A98F-C832D927D914} = {3B96E644-4E1A-4C2F-8F3C-E4843C921B92}
		{F87C32B0-8B5C-410C-9A07-2FF4C83CC657} = {BEE32E30-21CF-489B-B208-3D053E4966A8}
		{7483C5F0-3F6F-4C2F-ADA0-B013CB9A502D} = {B00013E6-DB9F-415A-B542-6D32DA258EB2}
		{0084DFA0-A5BD-4F53-9652-C3EE50F0703D} = {FB841C40-3211-443F-AC95-CD5796CF4FB3}
		{DFFD9C3A-E127-43C3-93C1-C8221E9E4B21} = {0F151C31-117F-438E-A5B5-9EE1D669BE27}
		{FA8CC50A-AAD4-4F22-9FCD-A2151AC040A0} = {C0D9D883-C3CC-4A74-B373-CAFD6FC4A32F}
		{0329A416-4B7E-4969-9844-32E45258F3D2} = {15C0C14F-DA06-46BB-A8B0-4BA5D6372777}
		{E7F77ED2-25CE-4F7D-8909-122076EAF5D2} = {3B96E644-4E1A-4C2F-8F3C-E4843C921B92}
		{1D72A253-61A8-4AE4-9DD3-C3DA350CAAB7} = {BEE32E30-21CF-489B-B208-3D053E4966A8}
		{338427B6-0CD8-452B-BA8C-87AADB1F1757} = {0F151C31-117F-438E-A5B5-9EE1D669BE27}
	EndGlobalSection
	GlobalSection(ExtensibilityGlobals) = postSolution
		SolutionGuid = {9A4C4A77-82DC-47E2-AA98-E741B329A3E8}
	EndGlobalSection
EndGlobal
