
Microsoft Visual Studio Solution File, Format Version 12.00
# Visual Studio Version 17
VisualStudioVersion = 17.0.31912.275
MinimumVisualStudioVersion = 10.0.40219.1
Project("{9A19103F-16F7-4668-BE54-9A1E7A4F7556}") = "FinancialHub.Domain", "FinancialHub.Domain\FinancialHub.Domain.csproj", "{776EA70E-D7ED-4A92-AB2F-0C7CDE3B5B7A}"
EndProject
Project("{2150E333-8FDC-42A3-9474-1A3956D46DE8}") = "Domain", "Domain", "{1F4F43B0-14F5-4C91-B98C-AEB8A5421258}"
EndProject
Project("{2150E333-8FDC-42A3-9474-1A3956D46DE8}") = "Infra", "Infra", "{2444FB9D-15D1-4193-BF04-83C4397369DA}"
EndProject
Project("{2150E333-8FDC-42A3-9474-1A3956D46DE8}") = "Services", "Services", "{91A212DC-1D96-43DD-B1A0-153ACB6980D5}"
EndProject
Project("{9A19103F-16F7-4668-BE54-9A1E7A4F7556}") = "FinancialHub.Infra.Data", "FinancialHub.Infra.Data\FinancialHub.Infra.Data.csproj", "{19E36296-E7CC-4D88-8F72-5B13ABE9A4E3}"
EndProject
Project("{9A19103F-16F7-4668-BE54-9A1E7A4F7556}") = "FinancialHub.Infra.Data.NUnitTests", "FinancialHub.Infra.Data.NUnitTests\FinancialHub.Infra.Data.NUnitTests.csproj", "{5A26CFA8-B077-4C91-BED9-C47339F960A2}"
EndProject
Project("{9A19103F-16F7-4668-BE54-9A1E7A4F7556}") = "FinancialHub.WebApi.NUnitTests", "FinancialHub.WebApi.NUnitTests\FinancialHub.WebApi.NUnitTests.csproj", "{40B4BB9F-DD1B-463F-B2D0-9CF804A2089C}"
EndProject
Project("{9A19103F-16F7-4668-BE54-9A1E7A4F7556}") = "FinancialHub.IntegrationTests", "FinancialHub.IntegrationTests\FinancialHub.IntegrationTests.csproj", "{B6694C5F-1BCF-460D-B9EA-39A49849737A}"
EndProject
Project("{9A19103F-16F7-4668-BE54-9A1E7A4F7556}") = "FinancialHub.Infra.Migrations", "FinancialHub.Infra.Migrations\FinancialHub.Infra.Migrations.csproj", "{7ED57B2C-520B-4A25-B3C1-268EEA48CADB}"
EndProject
Project("{2150E333-8FDC-42A3-9474-1A3956D46DE8}") = "Data", "Data", "{8AFE509C-0DD0-4C85-8BEA-24FB599293D7}"
EndProject
Project("{2150E333-8FDC-42A3-9474-1A3956D46DE8}") = "Migrations", "Migrations", "{EBFABBC1-2D70-4CAE-8352-AB1989AE5D9E}"
EndProject
Project("{2150E333-8FDC-42A3-9474-1A3956D46DE8}") = "Auth", "Auth", "{7CF52440-3820-40A7-B0B0-55E56F4FFF35}"
EndProject
Project("{2150E333-8FDC-42A3-9474-1A3956D46DE8}") = "Domain", "Domain", "{7F00D819-7B4C-4A71-B9DB-E56ED20ADA0D}"
EndProject
Project("{2150E333-8FDC-42A3-9474-1A3956D46DE8}") = "Infra", "Infra", "{B918D713-0701-447C-B403-10DE0C769581}"
EndProject
Project("{2150E333-8FDC-42A3-9474-1A3956D46DE8}") = "Data", "Data", "{74BFDE19-E416-46A1-B9C2-878DA41B249A}"
EndProject
Project("{2150E333-8FDC-42A3-9474-1A3956D46DE8}") = "Application", "Application", "{1488D2AC-39E7-414A-9B0A-344EBDA0E4E9}"
EndProject
Project("{2150E333-8FDC-42A3-9474-1A3956D46DE8}") = "Core", "Core", "{93E5303C-66C1-4BF6-8823-6CBA9C3751BE}"
EndProject
Project("{9A19103F-16F7-4668-BE54-9A1E7A4F7556}") = "FinancialHub.Auth.Domain", "FinancialHub.Auth.Domain\FinancialHub.Auth.Domain.csproj", "{82C01B54-91F9-4296-B2C7-F3FA230462F1}"
EndProject
Project("{9A19103F-16F7-4668-BE54-9A1E7A4F7556}") = "FinancialHub.Auth.WebApi", "FinancialHub.Auth.WebApi\FinancialHub.Auth.WebApi.csproj", "{23B8FA7D-EA45-4006-BA1A-18AAC68A9B68}"
EndProject
Project("{9A19103F-16F7-4668-BE54-9A1E7A4F7556}") = "FinancialHub.Auth.Infra.Data.Tests", "FinancialHub.Auth.Infra.Data.Tests\FinancialHub.Auth.Infra.Data.Tests.csproj", "{3975688B-BF51-4DEB-8E19-777322865E83}"
EndProject
Project("{9A19103F-16F7-4668-BE54-9A1E7A4F7556}") = "FinancialHub.Auth.Infra", "FinancialHub.Auth.Infra\FinancialHub.Auth.Infra.csproj", "{F32C1BDA-B655-4E56-96A6-F8BD335707C6}"
EndProject
Project("{9A19103F-16F7-4668-BE54-9A1E7A4F7556}") = "FinancialHub.Auth.Tests.Common", "FinancialHub.Auth.Tests.Common\FinancialHub.Auth.Tests.Common.csproj", "{5B40F1F1-5172-49A5-BBC2-9CC472CD89D6}"
EndProject
Project("{9A19103F-16F7-4668-BE54-9A1E7A4F7556}") = "FinancialHub.Auth.Infra.Data", "FinancialHub.Auth.Infra.Data\FinancialHub.Auth.Infra.Data.csproj", "{72C9C13F-BF8B-4649-B504-99E634FCDDE5}"
EndProject
Project("{9A19103F-16F7-4668-BE54-9A1E7A4F7556}") = "FinancialHub.Auth.Infra.Tests", "FinancialHub.Auth.Infra.Tests\FinancialHub.Auth.Infra.Tests.csproj", "{A4D904E8-5A38-4E00-8419-62CB1F24F94E}"
EndProject
Project("{9A19103F-16F7-4668-BE54-9A1E7A4F7556}") = "FinancialHub.Services.NUnitTests", "FinancialHub.Services.NUnitTests\FinancialHub.Services.NUnitTests.csproj", "{43423E19-2F4B-4A94-B8A7-4D2803D16A6E}"
EndProject
Project("{9A19103F-16F7-4668-BE54-9A1E7A4F7556}") = "FinancialHub.WebApi", "FinancialHub.WebApi\FinancialHub.WebApi.csproj", "{F6444C4B-6609-40E3-8D09-C52D871C5160}"
EndProject
Project("{9A19103F-16F7-4668-BE54-9A1E7A4F7556}") = "FinancialHub.Domain.Tests", "FinancialHub.Domain.Tests\FinancialHub.Domain.Tests.csproj", "{98A9979A-23A4-4DAA-917C-6F37794E0D06}"
EndProject
Project("{9A19103F-16F7-4668-BE54-9A1E7A4F7556}") = "FinancialHub.Services", "FinancialHub.Services\FinancialHub.Services.csproj", "{2483A335-88C1-4413-9AB7-5AE0C67BBA23}"
EndProject
Project("{9A19103F-16F7-4668-BE54-9A1E7A4F7556}") = "FinancialHub.Auth.Resources", "FinancialHub.Auth.Resources\FinancialHub.Auth.Resources.csproj", "{8B091A42-5BE6-49A4-8086-C8761E0CE769}"
EndProject
Project("{2150E333-8FDC-42A3-9474-1A3956D46DE8}") = "Presentation", "Presentation", "{421DB63D-B9E6-4069-8B79-6C956506F3C5}"
EndProject
Project("{9A19103F-16F7-4668-BE54-9A1E7A4F7556}") = "FinancialHub.Auth.IntegrationTests", "FinancialHub.Auth.IntegrationTests\FinancialHub.Auth.IntegrationTests.csproj", "{DD87106B-71B2-484D-A2CA-6ADD69C69CC7}"
EndProject
Project("{9A19103F-16F7-4668-BE54-9A1E7A4F7556}") = "FinancialHub.Auth.Presentation", "FinancialHub.Auth.Presentation\FinancialHub.Auth.Presentation.csproj", "{10A8A033-1884-4CD4-A413-75A8C08296D0}"
EndProject
Project("{9A19103F-16F7-4668-BE54-9A1E7A4F7556}") = "FinancialHub.Auth.Presentation.Tests", "FinancialHub.Auth.Presentation.Tests\FinancialHub.Auth.Presentation.Tests.csproj", "{F6C7E760-0264-425B-A935-35C19701B428}"
EndProject
Project("{9A19103F-16F7-4668-BE54-9A1E7A4F7556}") = "FinancialHub.Auth.Application", "FinancialHub.Auth.Application\FinancialHub.Auth.Application.csproj", "{C36391AC-AC61-4165-9C00-0B2B4ED78C8D}"
EndProject
Project("{9A19103F-16F7-4668-BE54-9A1E7A4F7556}") = "FinancialHub.Auth.Application.Tests", "FinancialHub.Auth.Application.Tests\FinancialHub.Auth.Application.Tests.csproj", "{22448D38-BA25-4FAE-9337-BEA884C7EC57}"
EndProject
Global
	GlobalSection(SolutionConfigurationPlatforms) = preSolution
		Debug|Any CPU = Debug|Any CPU
		Release|Any CPU = Release|Any CPU
	EndGlobalSection
	GlobalSection(ProjectConfigurationPlatforms) = postSolution
		{776EA70E-D7ED-4A92-AB2F-0C7CDE3B5B7A}.Debug|Any CPU.ActiveCfg = Debug|Any CPU
		{776EA70E-D7ED-4A92-AB2F-0C7CDE3B5B7A}.Debug|Any CPU.Build.0 = Debug|Any CPU
		{776EA70E-D7ED-4A92-AB2F-0C7CDE3B5B7A}.Release|Any CPU.ActiveCfg = Release|Any CPU
		{776EA70E-D7ED-4A92-AB2F-0C7CDE3B5B7A}.Release|Any CPU.Build.0 = Release|Any CPU
		{19E36296-E7CC-4D88-8F72-5B13ABE9A4E3}.Debug|Any CPU.ActiveCfg = Debug|Any CPU
		{19E36296-E7CC-4D88-8F72-5B13ABE9A4E3}.Debug|Any CPU.Build.0 = Debug|Any CPU
		{19E36296-E7CC-4D88-8F72-5B13ABE9A4E3}.Release|Any CPU.ActiveCfg = Release|Any CPU
		{19E36296-E7CC-4D88-8F72-5B13ABE9A4E3}.Release|Any CPU.Build.0 = Release|Any CPU
		{5A26CFA8-B077-4C91-BED9-C47339F960A2}.Debug|Any CPU.ActiveCfg = Debug|Any CPU
		{5A26CFA8-B077-4C91-BED9-C47339F960A2}.Debug|Any CPU.Build.0 = Debug|Any CPU
		{5A26CFA8-B077-4C91-BED9-C47339F960A2}.Release|Any CPU.ActiveCfg = Release|Any CPU
		{5A26CFA8-B077-4C91-BED9-C47339F960A2}.Release|Any CPU.Build.0 = Release|Any CPU
		{40B4BB9F-DD1B-463F-B2D0-9CF804A2089C}.Debug|Any CPU.ActiveCfg = Debug|Any CPU
		{40B4BB9F-DD1B-463F-B2D0-9CF804A2089C}.Debug|Any CPU.Build.0 = Debug|Any CPU
		{40B4BB9F-DD1B-463F-B2D0-9CF804A2089C}.Release|Any CPU.ActiveCfg = Release|Any CPU
		{40B4BB9F-DD1B-463F-B2D0-9CF804A2089C}.Release|Any CPU.Build.0 = Release|Any CPU
		{B6694C5F-1BCF-460D-B9EA-39A49849737A}.Debug|Any CPU.ActiveCfg = Debug|Any CPU
		{B6694C5F-1BCF-460D-B9EA-39A49849737A}.Debug|Any CPU.Build.0 = Debug|Any CPU
		{B6694C5F-1BCF-460D-B9EA-39A49849737A}.Release|Any CPU.ActiveCfg = Release|Any CPU
		{B6694C5F-1BCF-460D-B9EA-39A49849737A}.Release|Any CPU.Build.0 = Release|Any CPU
		{7ED57B2C-520B-4A25-B3C1-268EEA48CADB}.Debug|Any CPU.ActiveCfg = Debug|Any CPU
		{7ED57B2C-520B-4A25-B3C1-268EEA48CADB}.Debug|Any CPU.Build.0 = Debug|Any CPU
		{7ED57B2C-520B-4A25-B3C1-268EEA48CADB}.Release|Any CPU.ActiveCfg = Release|Any CPU
		{7ED57B2C-520B-4A25-B3C1-268EEA48CADB}.Release|Any CPU.Build.0 = Release|Any CPU
		{82C01B54-91F9-4296-B2C7-F3FA230462F1}.Debug|Any CPU.ActiveCfg = Debug|Any CPU
		{82C01B54-91F9-4296-B2C7-F3FA230462F1}.Debug|Any CPU.Build.0 = Debug|Any CPU
		{82C01B54-91F9-4296-B2C7-F3FA230462F1}.Release|Any CPU.ActiveCfg = Release|Any CPU
		{82C01B54-91F9-4296-B2C7-F3FA230462F1}.Release|Any CPU.Build.0 = Release|Any CPU
		{23B8FA7D-EA45-4006-BA1A-18AAC68A9B68}.Debug|Any CPU.ActiveCfg = Debug|Any CPU
		{23B8FA7D-EA45-4006-BA1A-18AAC68A9B68}.Debug|Any CPU.Build.0 = Debug|Any CPU
		{23B8FA7D-EA45-4006-BA1A-18AAC68A9B68}.Release|Any CPU.ActiveCfg = Release|Any CPU
		{23B8FA7D-EA45-4006-BA1A-18AAC68A9B68}.Release|Any CPU.Build.0 = Release|Any CPU
		{3975688B-BF51-4DEB-8E19-777322865E83}.Debug|Any CPU.ActiveCfg = Debug|Any CPU
		{3975688B-BF51-4DEB-8E19-777322865E83}.Debug|Any CPU.Build.0 = Debug|Any CPU
		{3975688B-BF51-4DEB-8E19-777322865E83}.Release|Any CPU.ActiveCfg = Release|Any CPU
		{3975688B-BF51-4DEB-8E19-777322865E83}.Release|Any CPU.Build.0 = Release|Any CPU
		{F32C1BDA-B655-4E56-96A6-F8BD335707C6}.Debug|Any CPU.ActiveCfg = Debug|Any CPU
		{F32C1BDA-B655-4E56-96A6-F8BD335707C6}.Debug|Any CPU.Build.0 = Debug|Any CPU
		{F32C1BDA-B655-4E56-96A6-F8BD335707C6}.Release|Any CPU.ActiveCfg = Release|Any CPU
		{F32C1BDA-B655-4E56-96A6-F8BD335707C6}.Release|Any CPU.Build.0 = Release|Any CPU
		{5B40F1F1-5172-49A5-BBC2-9CC472CD89D6}.Debug|Any CPU.ActiveCfg = Debug|Any CPU
		{5B40F1F1-5172-49A5-BBC2-9CC472CD89D6}.Debug|Any CPU.Build.0 = Debug|Any CPU
		{5B40F1F1-5172-49A5-BBC2-9CC472CD89D6}.Release|Any CPU.ActiveCfg = Release|Any CPU
		{5B40F1F1-5172-49A5-BBC2-9CC472CD89D6}.Release|Any CPU.Build.0 = Release|Any CPU
		{72C9C13F-BF8B-4649-B504-99E634FCDDE5}.Debug|Any CPU.ActiveCfg = Debug|Any CPU
		{72C9C13F-BF8B-4649-B504-99E634FCDDE5}.Debug|Any CPU.Build.0 = Debug|Any CPU
		{72C9C13F-BF8B-4649-B504-99E634FCDDE5}.Release|Any CPU.ActiveCfg = Release|Any CPU
		{72C9C13F-BF8B-4649-B504-99E634FCDDE5}.Release|Any CPU.Build.0 = Release|Any CPU
		{A4D904E8-5A38-4E00-8419-62CB1F24F94E}.Debug|Any CPU.ActiveCfg = Debug|Any CPU
		{A4D904E8-5A38-4E00-8419-62CB1F24F94E}.Debug|Any CPU.Build.0 = Debug|Any CPU
		{A4D904E8-5A38-4E00-8419-62CB1F24F94E}.Release|Any CPU.ActiveCfg = Release|Any CPU
		{A4D904E8-5A38-4E00-8419-62CB1F24F94E}.Release|Any CPU.Build.0 = Release|Any CPU
		{43423E19-2F4B-4A94-B8A7-4D2803D16A6E}.Debug|Any CPU.ActiveCfg = Debug|Any CPU
		{43423E19-2F4B-4A94-B8A7-4D2803D16A6E}.Debug|Any CPU.Build.0 = Debug|Any CPU
		{43423E19-2F4B-4A94-B8A7-4D2803D16A6E}.Release|Any CPU.ActiveCfg = Release|Any CPU
		{43423E19-2F4B-4A94-B8A7-4D2803D16A6E}.Release|Any CPU.Build.0 = Release|Any CPU
		{F6444C4B-6609-40E3-8D09-C52D871C5160}.Debug|Any CPU.ActiveCfg = Debug|Any CPU
		{F6444C4B-6609-40E3-8D09-C52D871C5160}.Debug|Any CPU.Build.0 = Debug|Any CPU
		{F6444C4B-6609-40E3-8D09-C52D871C5160}.Release|Any CPU.ActiveCfg = Release|Any CPU
		{F6444C4B-6609-40E3-8D09-C52D871C5160}.Release|Any CPU.Build.0 = Release|Any CPU
		{98A9979A-23A4-4DAA-917C-6F37794E0D06}.Debug|Any CPU.ActiveCfg = Debug|Any CPU
		{98A9979A-23A4-4DAA-917C-6F37794E0D06}.Debug|Any CPU.Build.0 = Debug|Any CPU
		{98A9979A-23A4-4DAA-917C-6F37794E0D06}.Release|Any CPU.ActiveCfg = Release|Any CPU
		{98A9979A-23A4-4DAA-917C-6F37794E0D06}.Release|Any CPU.Build.0 = Release|Any CPU
		{2483A335-88C1-4413-9AB7-5AE0C67BBA23}.Debug|Any CPU.ActiveCfg = Debug|Any CPU
		{2483A335-88C1-4413-9AB7-5AE0C67BBA23}.Debug|Any CPU.Build.0 = Debug|Any CPU
		{2483A335-88C1-4413-9AB7-5AE0C67BBA23}.Release|Any CPU.ActiveCfg = Release|Any CPU
		{2483A335-88C1-4413-9AB7-5AE0C67BBA23}.Release|Any CPU.Build.0 = Release|Any CPU
		{8B091A42-5BE6-49A4-8086-C8761E0CE769}.Debug|Any CPU.ActiveCfg = Debug|Any CPU
		{8B091A42-5BE6-49A4-8086-C8761E0CE769}.Debug|Any CPU.Build.0 = Debug|Any CPU
		{8B091A42-5BE6-49A4-8086-C8761E0CE769}.Release|Any CPU.ActiveCfg = Release|Any CPU
		{8B091A42-5BE6-49A4-8086-C8761E0CE769}.Release|Any CPU.Build.0 = Release|Any CPU
		{DD87106B-71B2-484D-A2CA-6ADD69C69CC7}.Debug|Any CPU.ActiveCfg = Debug|Any CPU
		{DD87106B-71B2-484D-A2CA-6ADD69C69CC7}.Debug|Any CPU.Build.0 = Debug|Any CPU
		{DD87106B-71B2-484D-A2CA-6ADD69C69CC7}.Release|Any CPU.ActiveCfg = Release|Any CPU
		{DD87106B-71B2-484D-A2CA-6ADD69C69CC7}.Release|Any CPU.Build.0 = Release|Any CPU
		{10A8A033-1884-4CD4-A413-75A8C08296D0}.Debug|Any CPU.ActiveCfg = Debug|Any CPU
		{10A8A033-1884-4CD4-A413-75A8C08296D0}.Debug|Any CPU.Build.0 = Debug|Any CPU
		{10A8A033-1884-4CD4-A413-75A8C08296D0}.Release|Any CPU.ActiveCfg = Release|Any CPU
		{10A8A033-1884-4CD4-A413-75A8C08296D0}.Release|Any CPU.Build.0 = Release|Any CPU
		{F6C7E760-0264-425B-A935-35C19701B428}.Debug|Any CPU.ActiveCfg = Debug|Any CPU
		{F6C7E760-0264-425B-A935-35C19701B428}.Debug|Any CPU.Build.0 = Debug|Any CPU
		{F6C7E760-0264-425B-A935-35C19701B428}.Release|Any CPU.ActiveCfg = Release|Any CPU
		{F6C7E760-0264-425B-A935-35C19701B428}.Release|Any CPU.Build.0 = Release|Any CPU
		{C36391AC-AC61-4165-9C00-0B2B4ED78C8D}.Debug|Any CPU.ActiveCfg = Debug|Any CPU
		{C36391AC-AC61-4165-9C00-0B2B4ED78C8D}.Debug|Any CPU.Build.0 = Debug|Any CPU
		{C36391AC-AC61-4165-9C00-0B2B4ED78C8D}.Release|Any CPU.ActiveCfg = Release|Any CPU
		{C36391AC-AC61-4165-9C00-0B2B4ED78C8D}.Release|Any CPU.Build.0 = Release|Any CPU
		{22448D38-BA25-4FAE-9337-BEA884C7EC57}.Debug|Any CPU.ActiveCfg = Debug|Any CPU
		{22448D38-BA25-4FAE-9337-BEA884C7EC57}.Debug|Any CPU.Build.0 = Debug|Any CPU
		{22448D38-BA25-4FAE-9337-BEA884C7EC57}.Release|Any CPU.ActiveCfg = Release|Any CPU
		{22448D38-BA25-4FAE-9337-BEA884C7EC57}.Release|Any CPU.Build.0 = Release|Any CPU
	EndGlobalSection
	GlobalSection(SolutionProperties) = preSolution
		HideSolutionNode = FALSE
	EndGlobalSection
	GlobalSection(NestedProjects) = preSolution
		{776EA70E-D7ED-4A92-AB2F-0C7CDE3B5B7A} = {1F4F43B0-14F5-4C91-B98C-AEB8A5421258}
		{1F4F43B0-14F5-4C91-B98C-AEB8A5421258} = {93E5303C-66C1-4BF6-8823-6CBA9C3751BE}
		{2444FB9D-15D1-4193-BF04-83C4397369DA} = {93E5303C-66C1-4BF6-8823-6CBA9C3751BE}
		{91A212DC-1D96-43DD-B1A0-153ACB6980D5} = {93E5303C-66C1-4BF6-8823-6CBA9C3751BE}
		{19E36296-E7CC-4D88-8F72-5B13ABE9A4E3} = {8AFE509C-0DD0-4C85-8BEA-24FB599293D7}
		{5A26CFA8-B077-4C91-BED9-C47339F960A2} = {8AFE509C-0DD0-4C85-8BEA-24FB599293D7}
		{7ED57B2C-520B-4A25-B3C1-268EEA48CADB} = {EBFABBC1-2D70-4CAE-8352-AB1989AE5D9E}
		{8AFE509C-0DD0-4C85-8BEA-24FB599293D7} = {2444FB9D-15D1-4193-BF04-83C4397369DA}
		{EBFABBC1-2D70-4CAE-8352-AB1989AE5D9E} = {2444FB9D-15D1-4193-BF04-83C4397369DA}
		{7F00D819-7B4C-4A71-B9DB-E56ED20ADA0D} = {7CF52440-3820-40A7-B0B0-55E56F4FFF35}
		{B918D713-0701-447C-B403-10DE0C769581} = {7CF52440-3820-40A7-B0B0-55E56F4FFF35}
		{74BFDE19-E416-46A1-B9C2-878DA41B249A} = {B918D713-0701-447C-B403-10DE0C769581}
		{1488D2AC-39E7-414A-9B0A-344EBDA0E4E9} = {7CF52440-3820-40A7-B0B0-55E56F4FFF35}
		{82C01B54-91F9-4296-B2C7-F3FA230462F1} = {7F00D819-7B4C-4A71-B9DB-E56ED20ADA0D}
		{23B8FA7D-EA45-4006-BA1A-18AAC68A9B68} = {7CF52440-3820-40A7-B0B0-55E56F4FFF35}
		{3975688B-BF51-4DEB-8E19-777322865E83} = {74BFDE19-E416-46A1-B9C2-878DA41B249A}
		{F32C1BDA-B655-4E56-96A6-F8BD335707C6} = {B918D713-0701-447C-B403-10DE0C769581}
		{5B40F1F1-5172-49A5-BBC2-9CC472CD89D6} = {7F00D819-7B4C-4A71-B9DB-E56ED20ADA0D}
		{72C9C13F-BF8B-4649-B504-99E634FCDDE5} = {74BFDE19-E416-46A1-B9C2-878DA41B249A}
		{A4D904E8-5A38-4E00-8419-62CB1F24F94E} = {B918D713-0701-447C-B403-10DE0C769581}
		{43423E19-2F4B-4A94-B8A7-4D2803D16A6E} = {91A212DC-1D96-43DD-B1A0-153ACB6980D5}
		{98A9979A-23A4-4DAA-917C-6F37794E0D06} = {1F4F43B0-14F5-4C91-B98C-AEB8A5421258}
		{2483A335-88C1-4413-9AB7-5AE0C67BBA23} = {91A212DC-1D96-43DD-B1A0-153ACB6980D5}
		{8B091A42-5BE6-49A4-8086-C8761E0CE769} = {7F00D819-7B4C-4A71-B9DB-E56ED20ADA0D}
		{421DB63D-B9E6-4069-8B79-6C956506F3C5} = {7CF52440-3820-40A7-B0B0-55E56F4FFF35}
		{DD87106B-71B2-484D-A2CA-6ADD69C69CC7} = {7CF52440-3820-40A7-B0B0-55E56F4FFF35}
		{10A8A033-1884-4CD4-A413-75A8C08296D0} = {421DB63D-B9E6-4069-8B79-6C956506F3C5}
		{F6C7E760-0264-425B-A935-35C19701B428} = {421DB63D-B9E6-4069-8B79-6C956506F3C5}
		{C36391AC-AC61-4165-9C00-0B2B4ED78C8D} = {1488D2AC-39E7-414A-9B0A-344EBDA0E4E9}
		{22448D38-BA25-4FAE-9337-BEA884C7EC57} = {1488D2AC-39E7-414A-9B0A-344EBDA0E4E9}
	EndGlobalSection
	GlobalSection(ExtensibilityGlobals) = postSolution
		SolutionGuid = {9A4C4A77-82DC-47E2-AA98-E741B329A3E8}
	EndGlobalSection
EndGlobal
