
Microsoft Visual Studio Solution File, Format Version 12.00
# Visual Studio Version 17
VisualStudioVersion = 17.0.31912.275
MinimumVisualStudioVersion = 10.0.40219.1
Project("{9A19103F-16F7-4668-BE54-9A1E7A4F7556}") = "FinancialHub.Domain", "FinancialHub.Domain\FinancialHub.Domain.csproj", "{776EA70E-D7ED-4A92-AB2F-0C7CDE3B5B7A}"
EndProject
Project("{9A19103F-16F7-4668-BE54-9A1E7A4F7556}") = "FinancialHub.WebApi", "FinancialHub.WebApi\FinancialHub.WebApi.csproj", "{AF3B4DA6-DFE1-40D5-AD31-29FA59E14634}"
EndProject
Project("{2150E333-8FDC-42A3-9474-1A3956D46DE8}") = "Domain", "Domain", "{1F4F43B0-14F5-4C91-B98C-AEB8A5421258}"
EndProject
Project("{2150E333-8FDC-42A3-9474-1A3956D46DE8}") = "Infra", "Infra", "{2444FB9D-15D1-4193-BF04-83C4397369DA}"
EndProject
Project("{2150E333-8FDC-42A3-9474-1A3956D46DE8}") = "Services", "Services", "{91A212DC-1D96-43DD-B1A0-153ACB6980D5}"
EndProject
Project("{9A19103F-16F7-4668-BE54-9A1E7A4F7556}") = "FinancialHub.Services", "FinancialHub.Services\FinancialHub.Services.csproj", "{7B2ED2B8-E4F3-44A3-B9D6-B4C10C94E29E}"
EndProject
Project("{9A19103F-16F7-4668-BE54-9A1E7A4F7556}") = "FinancialHub.Services.NUnitTests", "FinancialHub.Services.NUnitTests\FinancialHub.Services.NUnitTests.csproj", "{DD50583D-8D5F-42B8-9225-3BCCCDC8B122}"
EndProject
Project("{9A19103F-16F7-4668-BE54-9A1E7A4F7556}") = "FinancialHub.Domain.NUnitTests", "FinancialHub.Domain.NUnitTests\FinancialHub.Domain.NUnitTests.csproj", "{4AD8BB4F-58F2-4488-BB95-D96CFD78F662}"
EndProject
Project("{9A19103F-16F7-4668-BE54-9A1E7A4F7556}") = "FinancialHub.Infra.Data", "FinancialHub.Infra.Data\FinancialHub.Infra.Data.csproj", "{19E36296-E7CC-4D88-8F72-5B13ABE9A4E3}"
EndProject
Project("{9A19103F-16F7-4668-BE54-9A1E7A4F7556}") = "FinancialHub.Infra.Data.NUnitTests", "FinancialHub.Infra.Data.NUnitTests\FinancialHub.Infra.Data.NUnitTests.csproj", "{5A26CFA8-B077-4C91-BED9-C47339F960A2}"
EndProject
Global
	GlobalSection(SolutionConfigurationPlatforms) = preSolution
		Debug|Any CPU = Debug|Any CPU
		Release|Any CPU = Release|Any CPU
	EndGlobalSection
	GlobalSection(ProjectConfigurationPlatforms) = postSolution
		{776EA70E-D7ED-4A92-AB2F-0C7CDE3B5B7A}.Debug|Any CPU.ActiveCfg = Debug|Any CPU
		{776EA70E-D7ED-4A92-AB2F-0C7CDE3B5B7A}.Debug|Any CPU.Build.0 = Debug|Any CPU
		{776EA70E-D7ED-4A92-AB2F-0C7CDE3B5B7A}.Release|Any CPU.ActiveCfg = Release|Any CPU
		{776EA70E-D7ED-4A92-AB2F-0C7CDE3B5B7A}.Release|Any CPU.Build.0 = Release|Any CPU
		{AF3B4DA6-DFE1-40D5-AD31-29FA59E14634}.Debug|Any CPU.ActiveCfg = Debug|Any CPU
		{AF3B4DA6-DFE1-40D5-AD31-29FA59E14634}.Debug|Any CPU.Build.0 = Debug|Any CPU
		{AF3B4DA6-DFE1-40D5-AD31-29FA59E14634}.Release|Any CPU.ActiveCfg = Release|Any CPU
		{AF3B4DA6-DFE1-40D5-AD31-29FA59E14634}.Release|Any CPU.Build.0 = Release|Any CPU
		{7B2ED2B8-E4F3-44A3-B9D6-B4C10C94E29E}.Debug|Any CPU.ActiveCfg = Debug|Any CPU
		{7B2ED2B8-E4F3-44A3-B9D6-B4C10C94E29E}.Debug|Any CPU.Build.0 = Debug|Any CPU
		{7B2ED2B8-E4F3-44A3-B9D6-B4C10C94E29E}.Release|Any CPU.ActiveCfg = Release|Any CPU
		{7B2ED2B8-E4F3-44A3-B9D6-B4C10C94E29E}.Release|Any CPU.Build.0 = Release|Any CPU
		{DD50583D-8D5F-42B8-9225-3BCCCDC8B122}.Debug|Any CPU.ActiveCfg = Debug|Any CPU
		{DD50583D-8D5F-42B8-9225-3BCCCDC8B122}.Debug|Any CPU.Build.0 = Debug|Any CPU
		{DD50583D-8D5F-42B8-9225-3BCCCDC8B122}.Release|Any CPU.ActiveCfg = Release|Any CPU
		{DD50583D-8D5F-42B8-9225-3BCCCDC8B122}.Release|Any CPU.Build.0 = Release|Any CPU
		{4AD8BB4F-58F2-4488-BB95-D96CFD78F662}.Debug|Any CPU.ActiveCfg = Debug|Any CPU
		{4AD8BB4F-58F2-4488-BB95-D96CFD78F662}.Debug|Any CPU.Build.0 = Debug|Any CPU
		{4AD8BB4F-58F2-4488-BB95-D96CFD78F662}.Release|Any CPU.ActiveCfg = Release|Any CPU
		{4AD8BB4F-58F2-4488-BB95-D96CFD78F662}.Release|Any CPU.Build.0 = Release|Any CPU
		{19E36296-E7CC-4D88-8F72-5B13ABE9A4E3}.Debug|Any CPU.ActiveCfg = Debug|Any CPU
		{19E36296-E7CC-4D88-8F72-5B13ABE9A4E3}.Debug|Any CPU.Build.0 = Debug|Any CPU
		{19E36296-E7CC-4D88-8F72-5B13ABE9A4E3}.Release|Any CPU.ActiveCfg = Release|Any CPU
		{19E36296-E7CC-4D88-8F72-5B13ABE9A4E3}.Release|Any CPU.Build.0 = Release|Any CPU
		{5A26CFA8-B077-4C91-BED9-C47339F960A2}.Debug|Any CPU.ActiveCfg = Debug|Any CPU
		{5A26CFA8-B077-4C91-BED9-C47339F960A2}.Debug|Any CPU.Build.0 = Debug|Any CPU
		{5A26CFA8-B077-4C91-BED9-C47339F960A2}.Release|Any CPU.ActiveCfg = Release|Any CPU
		{5A26CFA8-B077-4C91-BED9-C47339F960A2}.Release|Any CPU.Build.0 = Release|Any CPU
	EndGlobalSection
	GlobalSection(SolutionProperties) = preSolution
		HideSolutionNode = FALSE
	EndGlobalSection
	GlobalSection(NestedProjects) = preSolution
		{776EA70E-D7ED-4A92-AB2F-0C7CDE3B5B7A} = {1F4F43B0-14F5-4C91-B98C-AEB8A5421258}
		{7B2ED2B8-E4F3-44A3-B9D6-B4C10C94E29E} = {91A212DC-1D96-43DD-B1A0-153ACB6980D5}
		{DD50583D-8D5F-42B8-9225-3BCCCDC8B122} = {91A212DC-1D96-43DD-B1A0-153ACB6980D5}
		{4AD8BB4F-58F2-4488-BB95-D96CFD78F662} = {1F4F43B0-14F5-4C91-B98C-AEB8A5421258}
		{19E36296-E7CC-4D88-8F72-5B13ABE9A4E3} = {2444FB9D-15D1-4193-BF04-83C4397369DA}
		{5A26CFA8-B077-4C91-BED9-C47339F960A2} = {2444FB9D-15D1-4193-BF04-83C4397369DA}
	EndGlobalSection
	GlobalSection(ExtensibilityGlobals) = postSolution
		SolutionGuid = {9A4C4A77-82DC-47E2-AA98-E741B329A3E8}
	EndGlobalSection
EndGlobal
