
Microsoft Visual Studio Solution File, Format Version 12.00
# Visual Studio Version 16
VisualStudioVersion = 16.0.31624.102
MinimumVisualStudioVersion = 10.0.40219.1
Project("{FAE04EC0-301F-11D3-BF4B-00C04F79EFBC}") = "FinancialHub.Domain", "FinancialHub.Domain\FinancialHub.Domain.csproj", "{776EA70E-D7ED-4A92-AB2F-0C7CDE3B5B7A}"
EndProject
Project("{FAE04EC0-301F-11D3-BF4B-00C04F79EFBC}") = "FinancialHub.Infra", "FinancialHub.Infra\FinancialHub.Infra.csproj", "{126F1390-1B86-4ABB-9E49-E77B7857E2F0}"
EndProject
Project("{FAE04EC0-301F-11D3-BF4B-00C04F79EFBC}") = "FinancialHub.WebApi", "FinancialHub.WebApi\FinancialHub.WebApi.csproj", "{AF3B4DA6-DFE1-40D5-AD31-29FA59E14634}"
EndProject
Global
	GlobalSection(SolutionConfigurationPlatforms) = preSolution
		Debug|Any CPU = Debug|Any CPU
		Release|Any CPU = Release|Any CPU
	EndGlobalSection
	GlobalSection(ProjectConfigurationPlatforms) = postSolution
		{776EA70E-D7ED-4A92-AB2F-0C7CDE3B5B7A}.Debug|Any CPU.ActiveCfg = Debug|Any CPU
		{776EA70E-D7ED-4A92-AB2F-0C7CDE3B5B7A}.Debug|Any CPU.Build.0 = Debug|Any CPU
		{776EA70E-D7ED-4A92-AB2F-0C7CDE3B5B7A}.Release|Any CPU.ActiveCfg = Release|Any CPU
		{776EA70E-D7ED-4A92-AB2F-0C7CDE3B5B7A}.Release|Any CPU.Build.0 = Release|Any CPU
		{126F1390-1B86-4ABB-9E49-E77B7857E2F0}.Debug|Any CPU.ActiveCfg = Debug|Any CPU
		{126F1390-1B86-4ABB-9E49-E77B7857E2F0}.Debug|Any CPU.Build.0 = Debug|Any CPU
		{126F1390-1B86-4ABB-9E49-E77B7857E2F0}.Release|Any CPU.ActiveCfg = Release|Any CPU
		{126F1390-1B86-4ABB-9E49-E77B7857E2F0}.Release|Any CPU.Build.0 = Release|Any CPU
		{AF3B4DA6-DFE1-40D5-AD31-29FA59E14634}.Debug|Any CPU.ActiveCfg = Debug|Any CPU
		{AF3B4DA6-DFE1-40D5-AD31-29FA59E14634}.Debug|Any CPU.Build.0 = Debug|Any CPU
		{AF3B4DA6-DFE1-40D5-AD31-29FA59E14634}.Release|Any CPU.ActiveCfg = Release|Any CPU
		{AF3B4DA6-DFE1-40D5-AD31-29FA59E14634}.Release|Any CPU.Build.0 = Release|Any CPU
	EndGlobalSection
	GlobalSection(SolutionProperties) = preSolution
		HideSolutionNode = FALSE
	EndGlobalSection
	GlobalSection(ExtensibilityGlobals) = postSolution
		SolutionGuid = {9A4C4A77-82DC-47E2-AA98-E741B329A3E8}
	EndGlobalSection
EndGlobal
