
Microsoft Visual Studio Solution File, Format Version 12.00
# Visual Studio Version 17
VisualStudioVersion = 17.0.31912.275
MinimumVisualStudioVersion = 10.0.40219.1
Project("{2150E333-8FDC-42A3-9474-1A3956D46DE8}") = "Domain", "Domain", "{1F4F43B0-14F5-4C91-B98C-AEB8A5421258}"
EndProject
Project("{2150E333-8FDC-42A3-9474-1A3956D46DE8}") = "Infra", "Infra", "{2444FB9D-15D1-4193-BF04-83C4397369DA}"
EndProject
Project("{2150E333-8FDC-42A3-9474-1A3956D46DE8}") = "Services", "Services", "{91A212DC-1D96-43DD-B1A0-153ACB6980D5}"
EndProject
Project("{2150E333-8FDC-42A3-9474-1A3956D46DE8}") = "Data", "Data", "{8AFE509C-0DD0-4C85-8BEA-24FB599293D7}"
EndProject
Project("{2150E333-8FDC-42A3-9474-1A3956D46DE8}") = "Migrations", "Migrations", "{EBFABBC1-2D70-4CAE-8352-AB1989AE5D9E}"
EndProject
Project("{2150E333-8FDC-42A3-9474-1A3956D46DE8}") = "Auth", "Auth", "{7CF52440-3820-40A7-B0B0-55E56F4FFF35}"
EndProject
Project("{2150E333-8FDC-42A3-9474-1A3956D46DE8}") = "Domain", "Domain", "{7F00D819-7B4C-4A71-B9DB-E56ED20ADA0D}"
EndProject
Project("{2150E333-8FDC-42A3-9474-1A3956D46DE8}") = "Infra", "Infra", "{B918D713-0701-447C-B403-10DE0C769581}"
EndProject
Project("{2150E333-8FDC-42A3-9474-1A3956D46DE8}") = "Data", "Data", "{74BFDE19-E416-46A1-B9C2-878DA41B249A}"
EndProject
Project("{2150E333-8FDC-42A3-9474-1A3956D46DE8}") = "Application", "Application", "{1488D2AC-39E7-414A-9B0A-344EBDA0E4E9}"
EndProject
Project("{2150E333-8FDC-42A3-9474-1A3956D46DE8}") = "Core", "Core", "{93E5303C-66C1-4BF6-8823-6CBA9C3751BE}"
EndProject
Project("{9A19103F-16F7-4668-BE54-9A1E7A4F7556}") = "FinancialHub.Auth.Domain", "FinancialHub.Auth.Domain\FinancialHub.Auth.Domain.csproj", "{82C01B54-91F9-4296-B2C7-F3FA230462F1}"
EndProject
Project("{9A19103F-16F7-4668-BE54-9A1E7A4F7556}") = "FinancialHub.Auth.WebApi", "FinancialHub.Auth.WebApi\FinancialHub.Auth.WebApi.csproj", "{23B8FA7D-EA45-4006-BA1A-18AAC68A9B68}"
EndProject
Project("{9A19103F-16F7-4668-BE54-9A1E7A4F7556}") = "FinancialHub.Auth.Infra.Data.Tests", "FinancialHub.Auth.Infra.Data.Tests\FinancialHub.Auth.Infra.Data.Tests.csproj", "{3975688B-BF51-4DEB-8E19-777322865E83}"
EndProject
Project("{9A19103F-16F7-4668-BE54-9A1E7A4F7556}") = "FinancialHub.Auth.Infra", "FinancialHub.Auth.Infra\FinancialHub.Auth.Infra.csproj", "{F32C1BDA-B655-4E56-96A6-F8BD335707C6}"
EndProject
Project("{9A19103F-16F7-4668-BE54-9A1E7A4F7556}") = "FinancialHub.Auth.Tests.Common", "FinancialHub.Auth.Tests.Common\FinancialHub.Auth.Tests.Common.csproj", "{5B40F1F1-5172-49A5-BBC2-9CC472CD89D6}"
EndProject
Project("{9A19103F-16F7-4668-BE54-9A1E7A4F7556}") = "FinancialHub.Auth.Infra.Data", "FinancialHub.Auth.Infra.Data\FinancialHub.Auth.Infra.Data.csproj", "{72C9C13F-BF8B-4649-B504-99E634FCDDE5}"
EndProject
Project("{9A19103F-16F7-4668-BE54-9A1E7A4F7556}") = "FinancialHub.Auth.Infra.Tests", "FinancialHub.Auth.Infra.Tests\FinancialHub.Auth.Infra.Tests.csproj", "{A4D904E8-5A38-4E00-8419-62CB1F24F94E}"
EndProject
Project("{9A19103F-16F7-4668-BE54-9A1E7A4F7556}") = "FinancialHub.Auth.Resources", "FinancialHub.Auth.Resources\FinancialHub.Auth.Resources.csproj", "{8B091A42-5BE6-49A4-8086-C8761E0CE769}"
EndProject
Project("{2150E333-8FDC-42A3-9474-1A3956D46DE8}") = "Presentation", "Presentation", "{421DB63D-B9E6-4069-8B79-6C956506F3C5}"
EndProject
Project("{9A19103F-16F7-4668-BE54-9A1E7A4F7556}") = "FinancialHub.Auth.IntegrationTests", "FinancialHub.Auth.IntegrationTests\FinancialHub.Auth.IntegrationTests.csproj", "{DD87106B-71B2-484D-A2CA-6ADD69C69CC7}"
EndProject
Project("{9A19103F-16F7-4668-BE54-9A1E7A4F7556}") = "FinancialHub.Auth.Presentation", "FinancialHub.Auth.Presentation\FinancialHub.Auth.Presentation.csproj", "{10A8A033-1884-4CD4-A413-75A8C08296D0}"
EndProject
Project("{9A19103F-16F7-4668-BE54-9A1E7A4F7556}") = "FinancialHub.Auth.Presentation.Tests", "FinancialHub.Auth.Presentation.Tests\FinancialHub.Auth.Presentation.Tests.csproj", "{F6C7E760-0264-425B-A935-35C19701B428}"
EndProject
Project("{9A19103F-16F7-4668-BE54-9A1E7A4F7556}") = "FinancialHub.Auth.Application", "FinancialHub.Auth.Application\FinancialHub.Auth.Application.csproj", "{C36391AC-AC61-4165-9C00-0B2B4ED78C8D}"
EndProject
Project("{9A19103F-16F7-4668-BE54-9A1E7A4F7556}") = "FinancialHub.Auth.Application.Tests", "FinancialHub.Auth.Application.Tests\FinancialHub.Auth.Application.Tests.csproj", "{22448D38-BA25-4FAE-9337-BEA884C7EC57}"
EndProject
Project("{2150E333-8FDC-42A3-9474-1A3956D46DE8}") = "Common", "Common", "{B00013E6-DB9F-415A-B542-6D32DA258EB2}"
EndProject
Project("{9A19103F-16F7-4668-BE54-9A1E7A4F7556}") = "FinancialHub.Common.Tests", "FinancialHub.Common.Tests\FinancialHub.Common.Tests.csproj", "{AAE2A6B8-2EAC-4C6E-9F55-52E409B12DCE}"
EndProject
Project("{9A19103F-16F7-4668-BE54-9A1E7A4F7556}") = "FinancialHub.Common", "FinancialHub.Common\FinancialHub.Common.csproj", "{83866048-B248-4D23-9716-559AB5A5E860}"
EndProject
Project("{2150E333-8FDC-42A3-9474-1A3956D46DE8}") = "Presentation", "Presentation", "{9A4C3BCD-1DF9-4B7F-9BBD-D9FDFBDD3CF2}"
EndProject
Project("{9A19103F-16F7-4668-BE54-9A1E7A4F7556}") = "FinancialHub.Core.Infra.Data", "FinancialHub.Core.Infra.Data\FinancialHub.Core.Infra.Data.csproj", "{4B4B713A-4134-4221-A62A-7597FE72694C}"
EndProject
Project("{9A19103F-16F7-4668-BE54-9A1E7A4F7556}") = "FinancialHub.Core.Infra.Data.NUnitTests", "FinancialHub.Core.Infra.Data.NUnitTests\FinancialHub.Core.Infra.Data.NUnitTests.csproj", "{2ED0A937-8026-4CCF-820A-5C2D10401AFC}"
EndProject
Project("{9A19103F-16F7-4668-BE54-9A1E7A4F7556}") = "FinancialHub.Core.Infra.Migrations", "FinancialHub.Core.Infra.Migrations\FinancialHub.Core.Infra.Migrations.csproj", "{15162FAE-26C6-4335-9919-762278E53DEF}"
EndProject
Project("{9A19103F-16F7-4668-BE54-9A1E7A4F7556}") = "FinancialHub.Core.Services", "FinancialHub.Core.Services\FinancialHub.Core.Services.csproj", "{FBB12706-8963-46AF-A0B2-4095939BB007}"
EndProject
Project("{9A19103F-16F7-4668-BE54-9A1E7A4F7556}") = "FinancialHub.Core.Services.NUnitTests", "FinancialHub.Core.Services.NUnitTests\FinancialHub.Core.Services.NUnitTests.csproj", "{9D6D3AB5-F998-48C2-AA4F-C129A9E9F28B}"
EndProject
Project("{9A19103F-16F7-4668-BE54-9A1E7A4F7556}") = "FinancialHub.Core.Domain", "FinancialHub.Core.Domain\FinancialHub.Core.Domain.csproj", "{84D15870-8431-49D4-A075-9BA5D9B0CF0A}"
EndProject
Project("{9A19103F-16F7-4668-BE54-9A1E7A4F7556}") = "FinancialHub.Core.Domain.Tests", "FinancialHub.Core.Domain.Tests\FinancialHub.Core.Domain.Tests.csproj", "{2E731A85-ED5E-4826-93E0-239F012C7DC4}"
EndProject
Project("{9A19103F-16F7-4668-BE54-9A1E7A4F7556}") = "FinancialHub.Core.IntegrationTests", "FinancialHub.Core.IntegrationTests\FinancialHub.Core.IntegrationTests.csproj", "{B30AF83C-5B94-47D3-90E4-1A637E6AB9C5}"
EndProject
Project("{9A19103F-16F7-4668-BE54-9A1E7A4F7556}") = "FinancialHub.Core.WebApi", "FinancialHub.Core.WebApi\FinancialHub.Core.WebApi.csproj", "{F30D2F25-88CE-416B-B958-0F07668EB3B7}"
EndProject
Project("{9A19103F-16F7-4668-BE54-9A1E7A4F7556}") = "FinancialHub.Core.WebApi.NUnitTests", "FinancialHub.Core.WebApi.NUnitTests\FinancialHub.Core.WebApi.NUnitTests.csproj", "{CAC76031-2C2D-4303-B7E1-EDEB8C1A4E16}"
EndProject
Global
	GlobalSection(SolutionConfigurationPlatforms) = preSolution
		Debug|Any CPU = Debug|Any CPU
		Release|Any CPU = Release|Any CPU
	EndGlobalSection
	GlobalSection(ProjectConfigurationPlatforms) = postSolution
		{82C01B54-91F9-4296-B2C7-F3FA230462F1}.Debug|Any CPU.ActiveCfg = Debug|Any CPU
		{82C01B54-91F9-4296-B2C7-F3FA230462F1}.Debug|Any CPU.Build.0 = Debug|Any CPU
		{82C01B54-91F9-4296-B2C7-F3FA230462F1}.Release|Any CPU.ActiveCfg = Release|Any CPU
		{82C01B54-91F9-4296-B2C7-F3FA230462F1}.Release|Any CPU.Build.0 = Release|Any CPU
		{23B8FA7D-EA45-4006-BA1A-18AAC68A9B68}.Debug|Any CPU.ActiveCfg = Debug|Any CPU
		{23B8FA7D-EA45-4006-BA1A-18AAC68A9B68}.Debug|Any CPU.Build.0 = Debug|Any CPU
		{23B8FA7D-EA45-4006-BA1A-18AAC68A9B68}.Release|Any CPU.ActiveCfg = Release|Any CPU
		{23B8FA7D-EA45-4006-BA1A-18AAC68A9B68}.Release|Any CPU.Build.0 = Release|Any CPU
		{3975688B-BF51-4DEB-8E19-777322865E83}.Debug|Any CPU.ActiveCfg = Debug|Any CPU
		{3975688B-BF51-4DEB-8E19-777322865E83}.Debug|Any CPU.Build.0 = Debug|Any CPU
		{3975688B-BF51-4DEB-8E19-777322865E83}.Release|Any CPU.ActiveCfg = Release|Any CPU
		{3975688B-BF51-4DEB-8E19-777322865E83}.Release|Any CPU.Build.0 = Release|Any CPU
		{F32C1BDA-B655-4E56-96A6-F8BD335707C6}.Debug|Any CPU.ActiveCfg = Debug|Any CPU
		{F32C1BDA-B655-4E56-96A6-F8BD335707C6}.Debug|Any CPU.Build.0 = Debug|Any CPU
		{F32C1BDA-B655-4E56-96A6-F8BD335707C6}.Release|Any CPU.ActiveCfg = Release|Any CPU
		{F32C1BDA-B655-4E56-96A6-F8BD335707C6}.Release|Any CPU.Build.0 = Release|Any CPU
		{5B40F1F1-5172-49A5-BBC2-9CC472CD89D6}.Debug|Any CPU.ActiveCfg = Debug|Any CPU
		{5B40F1F1-5172-49A5-BBC2-9CC472CD89D6}.Debug|Any CPU.Build.0 = Debug|Any CPU
		{5B40F1F1-5172-49A5-BBC2-9CC472CD89D6}.Release|Any CPU.ActiveCfg = Release|Any CPU
		{5B40F1F1-5172-49A5-BBC2-9CC472CD89D6}.Release|Any CPU.Build.0 = Release|Any CPU
		{72C9C13F-BF8B-4649-B504-99E634FCDDE5}.Debug|Any CPU.ActiveCfg = Debug|Any CPU
		{72C9C13F-BF8B-4649-B504-99E634FCDDE5}.Debug|Any CPU.Build.0 = Debug|Any CPU
		{72C9C13F-BF8B-4649-B504-99E634FCDDE5}.Release|Any CPU.ActiveCfg = Release|Any CPU
		{72C9C13F-BF8B-4649-B504-99E634FCDDE5}.Release|Any CPU.Build.0 = Release|Any CPU
		{A4D904E8-5A38-4E00-8419-62CB1F24F94E}.Debug|Any CPU.ActiveCfg = Debug|Any CPU
		{A4D904E8-5A38-4E00-8419-62CB1F24F94E}.Debug|Any CPU.Build.0 = Debug|Any CPU
		{A4D904E8-5A38-4E00-8419-62CB1F24F94E}.Release|Any CPU.ActiveCfg = Release|Any CPU
		{A4D904E8-5A38-4E00-8419-62CB1F24F94E}.Release|Any CPU.Build.0 = Release|Any CPU
		{8B091A42-5BE6-49A4-8086-C8761E0CE769}.Debug|Any CPU.ActiveCfg = Debug|Any CPU
		{8B091A42-5BE6-49A4-8086-C8761E0CE769}.Debug|Any CPU.Build.0 = Debug|Any CPU
		{8B091A42-5BE6-49A4-8086-C8761E0CE769}.Release|Any CPU.ActiveCfg = Release|Any CPU
		{8B091A42-5BE6-49A4-8086-C8761E0CE769}.Release|Any CPU.Build.0 = Release|Any CPU
		{DD87106B-71B2-484D-A2CA-6ADD69C69CC7}.Debug|Any CPU.ActiveCfg = Debug|Any CPU
		{DD87106B-71B2-484D-A2CA-6ADD69C69CC7}.Debug|Any CPU.Build.0 = Debug|Any CPU
		{DD87106B-71B2-484D-A2CA-6ADD69C69CC7}.Release|Any CPU.ActiveCfg = Release|Any CPU
		{DD87106B-71B2-484D-A2CA-6ADD69C69CC7}.Release|Any CPU.Build.0 = Release|Any CPU
		{10A8A033-1884-4CD4-A413-75A8C08296D0}.Debug|Any CPU.ActiveCfg = Debug|Any CPU
		{10A8A033-1884-4CD4-A413-75A8C08296D0}.Debug|Any CPU.Build.0 = Debug|Any CPU
		{10A8A033-1884-4CD4-A413-75A8C08296D0}.Release|Any CPU.ActiveCfg = Release|Any CPU
		{10A8A033-1884-4CD4-A413-75A8C08296D0}.Release|Any CPU.Build.0 = Release|Any CPU
		{F6C7E760-0264-425B-A935-35C19701B428}.Debug|Any CPU.ActiveCfg = Debug|Any CPU
		{F6C7E760-0264-425B-A935-35C19701B428}.Debug|Any CPU.Build.0 = Debug|Any CPU
		{F6C7E760-0264-425B-A935-35C19701B428}.Release|Any CPU.ActiveCfg = Release|Any CPU
		{F6C7E760-0264-425B-A935-35C19701B428}.Release|Any CPU.Build.0 = Release|Any CPU
		{C36391AC-AC61-4165-9C00-0B2B4ED78C8D}.Debug|Any CPU.ActiveCfg = Debug|Any CPU
		{C36391AC-AC61-4165-9C00-0B2B4ED78C8D}.Debug|Any CPU.Build.0 = Debug|Any CPU
		{C36391AC-AC61-4165-9C00-0B2B4ED78C8D}.Release|Any CPU.ActiveCfg = Release|Any CPU
		{C36391AC-AC61-4165-9C00-0B2B4ED78C8D}.Release|Any CPU.Build.0 = Release|Any CPU
		{22448D38-BA25-4FAE-9337-BEA884C7EC57}.Debug|Any CPU.ActiveCfg = Debug|Any CPU
		{22448D38-BA25-4FAE-9337-BEA884C7EC57}.Debug|Any CPU.Build.0 = Debug|Any CPU
		{22448D38-BA25-4FAE-9337-BEA884C7EC57}.Release|Any CPU.ActiveCfg = Release|Any CPU
		{22448D38-BA25-4FAE-9337-BEA884C7EC57}.Release|Any CPU.Build.0 = Release|Any CPU
		{AAE2A6B8-2EAC-4C6E-9F55-52E409B12DCE}.Debug|Any CPU.ActiveCfg = Debug|Any CPU
		{AAE2A6B8-2EAC-4C6E-9F55-52E409B12DCE}.Debug|Any CPU.Build.0 = Debug|Any CPU
		{AAE2A6B8-2EAC-4C6E-9F55-52E409B12DCE}.Release|Any CPU.ActiveCfg = Release|Any CPU
		{AAE2A6B8-2EAC-4C6E-9F55-52E409B12DCE}.Release|Any CPU.Build.0 = Release|Any CPU
		{83866048-B248-4D23-9716-559AB5A5E860}.Debug|Any CPU.ActiveCfg = Debug|Any CPU
		{83866048-B248-4D23-9716-559AB5A5E860}.Debug|Any CPU.Build.0 = Debug|Any CPU
		{83866048-B248-4D23-9716-559AB5A5E860}.Release|Any CPU.ActiveCfg = Release|Any CPU
		{83866048-B248-4D23-9716-559AB5A5E860}.Release|Any CPU.Build.0 = Release|Any CPU
		{4B4B713A-4134-4221-A62A-7597FE72694C}.Debug|Any CPU.ActiveCfg = Debug|Any CPU
		{4B4B713A-4134-4221-A62A-7597FE72694C}.Debug|Any CPU.Build.0 = Debug|Any CPU
		{4B4B713A-4134-4221-A62A-7597FE72694C}.Release|Any CPU.ActiveCfg = Release|Any CPU
		{4B4B713A-4134-4221-A62A-7597FE72694C}.Release|Any CPU.Build.0 = Release|Any CPU
		{2ED0A937-8026-4CCF-820A-5C2D10401AFC}.Debug|Any CPU.ActiveCfg = Debug|Any CPU
		{2ED0A937-8026-4CCF-820A-5C2D10401AFC}.Debug|Any CPU.Build.0 = Debug|Any CPU
		{2ED0A937-8026-4CCF-820A-5C2D10401AFC}.Release|Any CPU.ActiveCfg = Release|Any CPU
		{2ED0A937-8026-4CCF-820A-5C2D10401AFC}.Release|Any CPU.Build.0 = Release|Any CPU
		{15162FAE-26C6-4335-9919-762278E53DEF}.Debug|Any CPU.ActiveCfg = Debug|Any CPU
		{15162FAE-26C6-4335-9919-762278E53DEF}.Debug|Any CPU.Build.0 = Debug|Any CPU
		{15162FAE-26C6-4335-9919-762278E53DEF}.Release|Any CPU.ActiveCfg = Release|Any CPU
		{15162FAE-26C6-4335-9919-762278E53DEF}.Release|Any CPU.Build.0 = Release|Any CPU
		{FBB12706-8963-46AF-A0B2-4095939BB007}.Debug|Any CPU.ActiveCfg = Debug|Any CPU
		{FBB12706-8963-46AF-A0B2-4095939BB007}.Debug|Any CPU.Build.0 = Debug|Any CPU
		{FBB12706-8963-46AF-A0B2-4095939BB007}.Release|Any CPU.ActiveCfg = Release|Any CPU
		{FBB12706-8963-46AF-A0B2-4095939BB007}.Release|Any CPU.Build.0 = Release|Any CPU
		{9D6D3AB5-F998-48C2-AA4F-C129A9E9F28B}.Debug|Any CPU.ActiveCfg = Debug|Any CPU
		{9D6D3AB5-F998-48C2-AA4F-C129A9E9F28B}.Debug|Any CPU.Build.0 = Debug|Any CPU
		{9D6D3AB5-F998-48C2-AA4F-C129A9E9F28B}.Release|Any CPU.ActiveCfg = Release|Any CPU
		{9D6D3AB5-F998-48C2-AA4F-C129A9E9F28B}.Release|Any CPU.Build.0 = Release|Any CPU
		{84D15870-8431-49D4-A075-9BA5D9B0CF0A}.Debug|Any CPU.ActiveCfg = Debug|Any CPU
		{84D15870-8431-49D4-A075-9BA5D9B0CF0A}.Debug|Any CPU.Build.0 = Debug|Any CPU
		{84D15870-8431-49D4-A075-9BA5D9B0CF0A}.Release|Any CPU.ActiveCfg = Release|Any CPU
		{84D15870-8431-49D4-A075-9BA5D9B0CF0A}.Release|Any CPU.Build.0 = Release|Any CPU
		{2E731A85-ED5E-4826-93E0-239F012C7DC4}.Debug|Any CPU.ActiveCfg = Debug|Any CPU
		{2E731A85-ED5E-4826-93E0-239F012C7DC4}.Debug|Any CPU.Build.0 = Debug|Any CPU
		{2E731A85-ED5E-4826-93E0-239F012C7DC4}.Release|Any CPU.ActiveCfg = Release|Any CPU
		{2E731A85-ED5E-4826-93E0-239F012C7DC4}.Release|Any CPU.Build.0 = Release|Any CPU
		{B30AF83C-5B94-47D3-90E4-1A637E6AB9C5}.Debug|Any CPU.ActiveCfg = Debug|Any CPU
		{B30AF83C-5B94-47D3-90E4-1A637E6AB9C5}.Debug|Any CPU.Build.0 = Debug|Any CPU
		{B30AF83C-5B94-47D3-90E4-1A637E6AB9C5}.Release|Any CPU.ActiveCfg = Release|Any CPU
		{B30AF83C-5B94-47D3-90E4-1A637E6AB9C5}.Release|Any CPU.Build.0 = Release|Any CPU
		{F30D2F25-88CE-416B-B958-0F07668EB3B7}.Debug|Any CPU.ActiveCfg = Debug|Any CPU
		{F30D2F25-88CE-416B-B958-0F07668EB3B7}.Debug|Any CPU.Build.0 = Debug|Any CPU
		{F30D2F25-88CE-416B-B958-0F07668EB3B7}.Release|Any CPU.ActiveCfg = Release|Any CPU
		{F30D2F25-88CE-416B-B958-0F07668EB3B7}.Release|Any CPU.Build.0 = Release|Any CPU
		{CAC76031-2C2D-4303-B7E1-EDEB8C1A4E16}.Debug|Any CPU.ActiveCfg = Debug|Any CPU
		{CAC76031-2C2D-4303-B7E1-EDEB8C1A4E16}.Debug|Any CPU.Build.0 = Debug|Any CPU
		{CAC76031-2C2D-4303-B7E1-EDEB8C1A4E16}.Release|Any CPU.ActiveCfg = Release|Any CPU
		{CAC76031-2C2D-4303-B7E1-EDEB8C1A4E16}.Release|Any CPU.Build.0 = Release|Any CPU
	EndGlobalSection
	GlobalSection(SolutionProperties) = preSolution
		HideSolutionNode = FALSE
	EndGlobalSection
	GlobalSection(NestedProjects) = preSolution
		{1F4F43B0-14F5-4C91-B98C-AEB8A5421258} = {93E5303C-66C1-4BF6-8823-6CBA9C3751BE}
		{2444FB9D-15D1-4193-BF04-83C4397369DA} = {93E5303C-66C1-4BF6-8823-6CBA9C3751BE}
		{91A212DC-1D96-43DD-B1A0-153ACB6980D5} = {93E5303C-66C1-4BF6-8823-6CBA9C3751BE}
		{8AFE509C-0DD0-4C85-8BEA-24FB599293D7} = {2444FB9D-15D1-4193-BF04-83C4397369DA}
		{EBFABBC1-2D70-4CAE-8352-AB1989AE5D9E} = {2444FB9D-15D1-4193-BF04-83C4397369DA}
		{7F00D819-7B4C-4A71-B9DB-E56ED20ADA0D} = {7CF52440-3820-40A7-B0B0-55E56F4FFF35}
		{B918D713-0701-447C-B403-10DE0C769581} = {7CF52440-3820-40A7-B0B0-55E56F4FFF35}
		{74BFDE19-E416-46A1-B9C2-878DA41B249A} = {B918D713-0701-447C-B403-10DE0C769581}
		{1488D2AC-39E7-414A-9B0A-344EBDA0E4E9} = {7CF52440-3820-40A7-B0B0-55E56F4FFF35}
		{82C01B54-91F9-4296-B2C7-F3FA230462F1} = {7F00D819-7B4C-4A71-B9DB-E56ED20ADA0D}
		{23B8FA7D-EA45-4006-BA1A-18AAC68A9B68} = {7CF52440-3820-40A7-B0B0-55E56F4FFF35}
		{3975688B-BF51-4DEB-8E19-777322865E83} = {74BFDE19-E416-46A1-B9C2-878DA41B249A}
		{F32C1BDA-B655-4E56-96A6-F8BD335707C6} = {B918D713-0701-447C-B403-10DE0C769581}
		{5B40F1F1-5172-49A5-BBC2-9CC472CD89D6} = {7F00D819-7B4C-4A71-B9DB-E56ED20ADA0D}
		{72C9C13F-BF8B-4649-B504-99E634FCDDE5} = {74BFDE19-E416-46A1-B9C2-878DA41B249A}
		{A4D904E8-5A38-4E00-8419-62CB1F24F94E} = {B918D713-0701-447C-B403-10DE0C769581}
		{8B091A42-5BE6-49A4-8086-C8761E0CE769} = {7F00D819-7B4C-4A71-B9DB-E56ED20ADA0D}
		{421DB63D-B9E6-4069-8B79-6C956506F3C5} = {7CF52440-3820-40A7-B0B0-55E56F4FFF35}
		{DD87106B-71B2-484D-A2CA-6ADD69C69CC7} = {7CF52440-3820-40A7-B0B0-55E56F4FFF35}
		{10A8A033-1884-4CD4-A413-75A8C08296D0} = {421DB63D-B9E6-4069-8B79-6C956506F3C5}
		{F6C7E760-0264-425B-A935-35C19701B428} = {421DB63D-B9E6-4069-8B79-6C956506F3C5}
		{C36391AC-AC61-4165-9C00-0B2B4ED78C8D} = {1488D2AC-39E7-414A-9B0A-344EBDA0E4E9}
		{22448D38-BA25-4FAE-9337-BEA884C7EC57} = {1488D2AC-39E7-414A-9B0A-344EBDA0E4E9}
		{AAE2A6B8-2EAC-4C6E-9F55-52E409B12DCE} = {B00013E6-DB9F-415A-B542-6D32DA258EB2}
		{83866048-B248-4D23-9716-559AB5A5E860} = {B00013E6-DB9F-415A-B542-6D32DA258EB2}
		{9A4C3BCD-1DF9-4B7F-9BBD-D9FDFBDD3CF2} = {93E5303C-66C1-4BF6-8823-6CBA9C3751BE}
		{4B4B713A-4134-4221-A62A-7597FE72694C} = {8AFE509C-0DD0-4C85-8BEA-24FB599293D7}
		{2ED0A937-8026-4CCF-820A-5C2D10401AFC} = {8AFE509C-0DD0-4C85-8BEA-24FB599293D7}
		{15162FAE-26C6-4335-9919-762278E53DEF} = {EBFABBC1-2D70-4CAE-8352-AB1989AE5D9E}
		{FBB12706-8963-46AF-A0B2-4095939BB007} = {91A212DC-1D96-43DD-B1A0-153ACB6980D5}
		{9D6D3AB5-F998-48C2-AA4F-C129A9E9F28B} = {91A212DC-1D96-43DD-B1A0-153ACB6980D5}
		{84D15870-8431-49D4-A075-9BA5D9B0CF0A} = {1F4F43B0-14F5-4C91-B98C-AEB8A5421258}
		{2E731A85-ED5E-4826-93E0-239F012C7DC4} = {1F4F43B0-14F5-4C91-B98C-AEB8A5421258}
		{B30AF83C-5B94-47D3-90E4-1A637E6AB9C5} = {93E5303C-66C1-4BF6-8823-6CBA9C3751BE}
		{F30D2F25-88CE-416B-B958-0F07668EB3B7} = {9A4C3BCD-1DF9-4B7F-9BBD-D9FDFBDD3CF2}
		{CAC76031-2C2D-4303-B7E1-EDEB8C1A4E16} = {9A4C3BCD-1DF9-4B7F-9BBD-D9FDFBDD3CF2}
	EndGlobalSection
	GlobalSection(ExtensibilityGlobals) = postSolution
		SolutionGuid = {9A4C4A77-82DC-47E2-AA98-E741B329A3E8}
	EndGlobalSection
EndGlobal
